
Microsoft Visual Studio Solution File, Format Version 12.00
# Visual Studio Version 17
VisualStudioVersion = 17.0.31903.59
MinimumVisualStudioVersion = 10.0.40219.1
Project("{FAE04EC0-301F-11D3-BF4B-00C04F79EFBC}") = "PrimeService", "PrimeService\PrimeService.csproj", "{6DC287C1-B960-495E-B2A2-F514E9E10563}"
EndProject
Project("{FAE04EC0-301F-11D3-BF4B-00C04F79EFBC}") = "PrimeService.Tests", "PrimeService.Tests\PrimeService.Tests.csproj", "{37EF7FA0-2622-4B1D-BF5B-3981184BF8C3}"
EndProject
Global
	GlobalSection(SolutionConfigurationPlatforms) = preSolution
		Debug|Any CPU = Debug|Any CPU
		Release|Any CPU = Release|Any CPU
	EndGlobalSection
	GlobalSection(SolutionProperties) = preSolution
		HideSolutionNode = FALSE
	EndGlobalSection
	GlobalSection(ProjectConfigurationPlatforms) = postSolution
		{6DC287C1-B960-495E-B2A2-F514E9E10563}.Debug|Any CPU.ActiveCfg = Debug|Any CPU
		{6DC287C1-B960-495E-B2A2-F514E9E10563}.Debug|Any CPU.Build.0 = Debug|Any CPU
		{6DC287C1-B960-495E-B2A2-F514E9E10563}.Release|Any CPU.ActiveCfg = Release|Any CPU
		{6DC287C1-B960-495E-B2A2-F514E9E10563}.Release|Any CPU.Build.0 = Release|Any CPU
		{37EF7FA0-2622-4B1D-BF5B-3981184BF8C3}.Debug|Any CPU.ActiveCfg = Debug|Any CPU
		{37EF7FA0-2622-4B1D-BF5B-3981184BF8C3}.Debug|Any CPU.Build.0 = Debug|Any CPU
		{37EF7FA0-2622-4B1D-BF5B-3981184BF8C3}.Release|Any CPU.ActiveCfg = Release|Any CPU
		{37EF7FA0-2622-4B1D-BF5B-3981184BF8C3}.Release|Any CPU.Build.0 = Release|Any CPU
	EndGlobalSection
EndGlobal
